
Microsoft Visual Studio Solution File, Format Version 12.00
# Visual Studio Version 17
VisualStudioVersion = 17.1.32210.238
MinimumVisualStudioVersion = 10.0.40219.1
Project("{FAE04EC0-301F-11D3-BF4B-00C04F79EFBC}") = "lab3_patterns1", "lab3_patterns1\lab3_patterns1.csproj", "{AE10B2D0-F3C0-4C38-8709-E086692011C9}"
EndProject
Global
	GlobalSection(SolutionConfigurationPlatforms) = preSolution
		Debug|Any CPU = Debug|Any CPU
		Release|Any CPU = Release|Any CPU
	EndGlobalSection
	GlobalSection(ProjectConfigurationPlatforms) = postSolution
		{AE10B2D0-F3C0-4C38-8709-E086692011C9}.Debug|Any CPU.ActiveCfg = Debug|Any CPU
		{AE10B2D0-F3C0-4C38-8709-E086692011C9}.Debug|Any CPU.Build.0 = Debug|Any CPU
		{AE10B2D0-F3C0-4C38-8709-E086692011C9}.Release|Any CPU.ActiveCfg = Release|Any CPU
		{AE10B2D0-F3C0-4C38-8709-E086692011C9}.Release|Any CPU.Build.0 = Release|Any CPU
	EndGlobalSection
	GlobalSection(SolutionProperties) = preSolution
		HideSolutionNode = FALSE
	EndGlobalSection
	GlobalSection(ExtensibilityGlobals) = postSolution
		SolutionGuid = {236BF899-C202-40F1-AD67-1AC1040E9638}
	EndGlobalSection
EndGlobal
